
Microsoft Visual Studio Solution File, Format Version 12.00
# Visual Studio Version 17
VisualStudioVersion = 17.7.34031.279
MinimumVisualStudioVersion = 10.0.40219.1
Project("{8BC9CEB8-8B4A-11D0-8D11-00A0C91BC942}") = "PSL3_42(Replace Words)", "PSL3_42(Replace Words)\PSL3_42(Replace Words).vcxproj", "{E5F116D5-AE24-47CB-9D60-0C96BC25EE0D}"
EndProject
Global
	GlobalSection(SolutionConfigurationPlatforms) = preSolution
		Debug|x64 = Debug|x64
		Debug|x86 = Debug|x86
		Release|x64 = Release|x64
		Release|x86 = Release|x86
	EndGlobalSection
	GlobalSection(ProjectConfigurationPlatforms) = postSolution
		{E5F116D5-AE24-47CB-9D60-0C96BC25EE0D}.Debug|x64.ActiveCfg = Debug|x64
		{E5F116D5-AE24-47CB-9D60-0C96BC25EE0D}.Debug|x64.Build.0 = Debug|x64
		{E5F116D5-AE24-47CB-9D60-0C96BC25EE0D}.Debug|x86.ActiveCfg = Debug|Win32
		{E5F116D5-AE24-47CB-9D60-0C96BC25EE0D}.Debug|x86.Build.0 = Debug|Win32
		{E5F116D5-AE24-47CB-9D60-0C96BC25EE0D}.Release|x64.ActiveCfg = Release|x64
		{E5F116D5-AE24-47CB-9D60-0C96BC25EE0D}.Release|x64.Build.0 = Release|x64
		{E5F116D5-AE24-47CB-9D60-0C96BC25EE0D}.Release|x86.ActiveCfg = Release|Win32
		{E5F116D5-AE24-47CB-9D60-0C96BC25EE0D}.Release|x86.Build.0 = Release|Win32
	EndGlobalSection
	GlobalSection(SolutionProperties) = preSolution
		HideSolutionNode = FALSE
	EndGlobalSection
	GlobalSection(ExtensibilityGlobals) = postSolution
		SolutionGuid = {85C8B4E3-3028-4702-A127-1ED9B6AECB4D}
	EndGlobalSection
EndGlobal
