
Microsoft Visual Studio Solution File, Format Version 12.00
# Visual Studio Version 17
VisualStudioVersion = 17.7.34024.191
MinimumVisualStudioVersion = 10.0.40219.1
Project("{8BC9CEB8-8B4A-11D0-8D11-00A0C91BC942}") = "PSL1_34", "PSL1_34\PSL1_34.vcxproj", "{576D385A-43FF-46CE-8C76-2F209C9735B7}"
EndProject
Global
	GlobalSection(SolutionConfigurationPlatforms) = preSolution
		Debug|x64 = Debug|x64
		Debug|x86 = Debug|x86
		Release|x64 = Release|x64
		Release|x86 = Release|x86
	EndGlobalSection
	GlobalSection(ProjectConfigurationPlatforms) = postSolution
		{576D385A-43FF-46CE-8C76-2F209C9735B7}.Debug|x64.ActiveCfg = Debug|x64
		{576D385A-43FF-46CE-8C76-2F209C9735B7}.Debug|x64.Build.0 = Debug|x64
		{576D385A-43FF-46CE-8C76-2F209C9735B7}.Debug|x86.ActiveCfg = Debug|Win32
		{576D385A-43FF-46CE-8C76-2F209C9735B7}.Debug|x86.Build.0 = Debug|Win32
		{576D385A-43FF-46CE-8C76-2F209C9735B7}.Release|x64.ActiveCfg = Release|x64
		{576D385A-43FF-46CE-8C76-2F209C9735B7}.Release|x64.Build.0 = Release|x64
		{576D385A-43FF-46CE-8C76-2F209C9735B7}.Release|x86.ActiveCfg = Release|Win32
		{576D385A-43FF-46CE-8C76-2F209C9735B7}.Release|x86.Build.0 = Release|Win32
	EndGlobalSection
	GlobalSection(SolutionProperties) = preSolution
		HideSolutionNode = FALSE
	EndGlobalSection
	GlobalSection(ExtensibilityGlobals) = postSolution
		SolutionGuid = {5C60773A-D244-47F8-BC7B-8483DBDD5EFB}
	EndGlobalSection
EndGlobal
