
Microsoft Visual Studio Solution File, Format Version 12.00
# Visual Studio Version 17
VisualStudioVersion = 17.7.34024.191
MinimumVisualStudioVersion = 10.0.40219.1
Project("{8BC9CEB8-8B4A-11D0-8D11-00A0C91BC942}") = "PSL1_43", "PSL1_43\PSL1_43.vcxproj", "{B94818DE-7380-4C62-8F0A-A3F4C5EA1494}"
EndProject
Global
	GlobalSection(SolutionConfigurationPlatforms) = preSolution
		Debug|x64 = Debug|x64
		Debug|x86 = Debug|x86
		Release|x64 = Release|x64
		Release|x86 = Release|x86
	EndGlobalSection
	GlobalSection(ProjectConfigurationPlatforms) = postSolution
		{B94818DE-7380-4C62-8F0A-A3F4C5EA1494}.Debug|x64.ActiveCfg = Debug|x64
		{B94818DE-7380-4C62-8F0A-A3F4C5EA1494}.Debug|x64.Build.0 = Debug|x64
		{B94818DE-7380-4C62-8F0A-A3F4C5EA1494}.Debug|x86.ActiveCfg = Debug|Win32
		{B94818DE-7380-4C62-8F0A-A3F4C5EA1494}.Debug|x86.Build.0 = Debug|Win32
		{B94818DE-7380-4C62-8F0A-A3F4C5EA1494}.Release|x64.ActiveCfg = Release|x64
		{B94818DE-7380-4C62-8F0A-A3F4C5EA1494}.Release|x64.Build.0 = Release|x64
		{B94818DE-7380-4C62-8F0A-A3F4C5EA1494}.Release|x86.ActiveCfg = Release|Win32
		{B94818DE-7380-4C62-8F0A-A3F4C5EA1494}.Release|x86.Build.0 = Release|Win32
	EndGlobalSection
	GlobalSection(SolutionProperties) = preSolution
		HideSolutionNode = FALSE
	EndGlobalSection
	GlobalSection(ExtensibilityGlobals) = postSolution
		SolutionGuid = {235BF95E-23CB-45CA-9896-9F5F25B895FC}
	EndGlobalSection
EndGlobal
