
Microsoft Visual Studio Solution File, Format Version 12.00
# Visual Studio Version 17
VisualStudioVersion = 17.7.34024.191
MinimumVisualStudioVersion = 10.0.40219.1
Project("{8BC9CEB8-8B4A-11D0-8D11-00A0C91BC942}") = "H21", "H21\H21.vcxproj", "{D76C57E1-95FA-4B9D-8E5E-BB6FF742C58C}"
EndProject
Global
	GlobalSection(SolutionConfigurationPlatforms) = preSolution
		Debug|x64 = Debug|x64
		Debug|x86 = Debug|x86
		Release|x64 = Release|x64
		Release|x86 = Release|x86
	EndGlobalSection
	GlobalSection(ProjectConfigurationPlatforms) = postSolution
		{D76C57E1-95FA-4B9D-8E5E-BB6FF742C58C}.Debug|x64.ActiveCfg = Debug|x64
		{D76C57E1-95FA-4B9D-8E5E-BB6FF742C58C}.Debug|x64.Build.0 = Debug|x64
		{D76C57E1-95FA-4B9D-8E5E-BB6FF742C58C}.Debug|x86.ActiveCfg = Debug|Win32
		{D76C57E1-95FA-4B9D-8E5E-BB6FF742C58C}.Debug|x86.Build.0 = Debug|Win32
		{D76C57E1-95FA-4B9D-8E5E-BB6FF742C58C}.Release|x64.ActiveCfg = Release|x64
		{D76C57E1-95FA-4B9D-8E5E-BB6FF742C58C}.Release|x64.Build.0 = Release|x64
		{D76C57E1-95FA-4B9D-8E5E-BB6FF742C58C}.Release|x86.ActiveCfg = Release|Win32
		{D76C57E1-95FA-4B9D-8E5E-BB6FF742C58C}.Release|x86.Build.0 = Release|Win32
	EndGlobalSection
	GlobalSection(SolutionProperties) = preSolution
		HideSolutionNode = FALSE
	EndGlobalSection
	GlobalSection(ExtensibilityGlobals) = postSolution
		SolutionGuid = {CE77B5ED-2A1C-4980-B848-4CEA57E4FAA7}
	EndGlobalSection
EndGlobal
