
Microsoft Visual Studio Solution File, Format Version 12.00
# Visual Studio Version 17
VisualStudioVersion = 17.9.34728.123
MinimumVisualStudioVersion = 10.0.40219.1
Project("{8BC9CEB8-8B4A-11D0-8D11-00A0C91BC942}") = "PSL4_61(Count OverLap Days)", "PSL4_61(Count OverLap Days)\PSL4_61(Count OverLap Days).vcxproj", "{802C28E5-4E76-4230-A033-C2D83277A514}"
EndProject
Global
	GlobalSection(SolutionConfigurationPlatforms) = preSolution
		Debug|x64 = Debug|x64
		Debug|x86 = Debug|x86
		Release|x64 = Release|x64
		Release|x86 = Release|x86
	EndGlobalSection
	GlobalSection(ProjectConfigurationPlatforms) = postSolution
		{802C28E5-4E76-4230-A033-C2D83277A514}.Debug|x64.ActiveCfg = Debug|x64
		{802C28E5-4E76-4230-A033-C2D83277A514}.Debug|x64.Build.0 = Debug|x64
		{802C28E5-4E76-4230-A033-C2D83277A514}.Debug|x86.ActiveCfg = Debug|Win32
		{802C28E5-4E76-4230-A033-C2D83277A514}.Debug|x86.Build.0 = Debug|Win32
		{802C28E5-4E76-4230-A033-C2D83277A514}.Release|x64.ActiveCfg = Release|x64
		{802C28E5-4E76-4230-A033-C2D83277A514}.Release|x64.Build.0 = Release|x64
		{802C28E5-4E76-4230-A033-C2D83277A514}.Release|x86.ActiveCfg = Release|Win32
		{802C28E5-4E76-4230-A033-C2D83277A514}.Release|x86.Build.0 = Release|Win32
	EndGlobalSection
	GlobalSection(SolutionProperties) = preSolution
		HideSolutionNode = FALSE
	EndGlobalSection
	GlobalSection(ExtensibilityGlobals) = postSolution
		SolutionGuid = {7210E20E-1E9A-4EC4-B28D-D18523978BE4}
	EndGlobalSection
EndGlobal
